
Microsoft Visual Studio Solution File, Format Version 12.00
# Visual Studio 15
VisualStudioVersion = 15.0.27428.2037
MinimumVisualStudioVersion = 10.0.40219.1
Project("{FAE04EC0-301F-11D3-BF4B-00C04F79EFBC}") = "SEProject", "SEProject\SEProject.csproj", "{BE78D86B-DB69-4681-9A48-8BA311A032FF}"
EndProject
Global
	GlobalSection(SolutionConfigurationPlatforms) = preSolution
		Debug|Any CPU = Debug|Any CPU
		Release|Any CPU = Release|Any CPU
	EndGlobalSection
	GlobalSection(ProjectConfigurationPlatforms) = postSolution
		{BE78D86B-DB69-4681-9A48-8BA311A032FF}.Debug|Any CPU.ActiveCfg = Debug|Any CPU
		{BE78D86B-DB69-4681-9A48-8BA311A032FF}.Debug|Any CPU.Build.0 = Debug|Any CPU
		{BE78D86B-DB69-4681-9A48-8BA311A032FF}.Release|Any CPU.ActiveCfg = Release|Any CPU
		{BE78D86B-DB69-4681-9A48-8BA311A032FF}.Release|Any CPU.Build.0 = Release|Any CPU
	EndGlobalSection
	GlobalSection(SolutionProperties) = preSolution
		HideSolutionNode = FALSE
	EndGlobalSection
	GlobalSection(ExtensibilityGlobals) = postSolution
		SolutionGuid = {10061A83-0764-4B27-831C-4F5C4532A2E7}
	EndGlobalSection
EndGlobal
